
Microsoft Visual Studio Solution File, Format Version 12.00
# Visual Studio Version 17
VisualStudioVersion = 17.0.32014.148
MinimumVisualStudioVersion = 10.0.40219.1
Project("{FAE04EC0-301F-11D3-BF4B-00C04F79EFBC}") = "SkolaLabb", "SkolaLabb\SkolaLabb.csproj", "{27FB0777-331A-41B9-AC64-0824F2DA77FC}"
EndProject
Global
	GlobalSection(SolutionConfigurationPlatforms) = preSolution
		Debug|Any CPU = Debug|Any CPU
		Release|Any CPU = Release|Any CPU
	EndGlobalSection
	GlobalSection(ProjectConfigurationPlatforms) = postSolution
		{27FB0777-331A-41B9-AC64-0824F2DA77FC}.Debug|Any CPU.ActiveCfg = Debug|Any CPU
		{27FB0777-331A-41B9-AC64-0824F2DA77FC}.Debug|Any CPU.Build.0 = Debug|Any CPU
		{27FB0777-331A-41B9-AC64-0824F2DA77FC}.Release|Any CPU.ActiveCfg = Release|Any CPU
		{27FB0777-331A-41B9-AC64-0824F2DA77FC}.Release|Any CPU.Build.0 = Release|Any CPU
	EndGlobalSection
	GlobalSection(SolutionProperties) = preSolution
		HideSolutionNode = FALSE
	EndGlobalSection
	GlobalSection(ExtensibilityGlobals) = postSolution
		SolutionGuid = {D80CFD8E-D624-4417-8090-2B113F88B7B8}
	EndGlobalSection
EndGlobal
